// !$*UTF8*$!
{
	archiveVersion = 1;
	classes = {
	};
	objectVersion = 48;
	objects = {

/* Begin PBXBuildFile section */
		4487A075FAF57964693C9756 /* Pods_Chat.framework in Frameworks */ = {isa = PBXBuildFile; fileRef = D5EFFFA77C9FFDE18C342F9E /* Pods_Chat.framework */; };
		51BCFDE91F26DAC100AC944B /* AppDelegate.swift in Sources */ = {isa = PBXBuildFile; fileRef = 51BCFDE81F26DAC100AC944B /* AppDelegate.swift */; };
		51BCFDEE1F26DAC100AC944B /* Main.storyboard in Resources */ = {isa = PBXBuildFile; fileRef = 51BCFDEC1F26DAC100AC944B /* Main.storyboard */; };
		51BCFDF01F26DAC100AC944B /* Assets.xcassets in Resources */ = {isa = PBXBuildFile; fileRef = 51BCFDEF1F26DAC100AC944B /* Assets.xcassets */; };
		51BCFDF31F26DAC100AC944B /* LaunchScreen.storyboard in Resources */ = {isa = PBXBuildFile; fileRef = 51BCFDF11F26DAC100AC944B /* LaunchScreen.storyboard */; };
		51BCFDFE1F26DAC100AC944B /* ChatTests.swift in Sources */ = {isa = PBXBuildFile; fileRef = 51BCFDFD1F26DAC100AC944B /* ChatTests.swift */; };
		51BCFE0C1F26E6BB00AC944B /* SWRevealViewController.m in Sources */ = {isa = PBXBuildFile; fileRef = 51BCFE0A1F26E6BB00AC944B /* SWRevealViewController.m */; };
		51BCFE131F26EA3500AC944B /* ChatVC.swift in Sources */ = {isa = PBXBuildFile; fileRef = 51BCFE121F26EA3500AC944B /* ChatVC.swift */; };
		51BCFE151F26EC7100AC944B /* ChannelVC.swift in Sources */ = {isa = PBXBuildFile; fileRef = 51BCFE141F26EC7100AC944B /* ChannelVC.swift */; };
		51BCFE171F26F25400AC944B /* GradientView.swift in Sources */ = {isa = PBXBuildFile; fileRef = 51BCFE161F26F25400AC944B /* GradientView.swift */; };
		51BCFE1A1F26FBD800AC944B /* Constants.swift in Sources */ = {isa = PBXBuildFile; fileRef = 51BCFE191F26FBD800AC944B /* Constants.swift */; };
		AA48D1771F30D108AB986A3E /* Pods_ChatTests.framework in Frameworks */ = {isa = PBXBuildFile; fileRef = AEEFBC0996511700D934A9E7 /* Pods_ChatTests.framework */; };
/* End PBXBuildFile section */

/* Begin PBXContainerItemProxy section */
		51BCFDFA1F26DAC100AC944B /* PBXContainerItemProxy */ = {
			isa = PBXContainerItemProxy;
			containerPortal = 51BCFDDD1F26DAC100AC944B /* Project object */;
			proxyType = 1;
			remoteGlobalIDString = 51BCFDE41F26DAC100AC944B;
			remoteInfo = Chat;
		};
/* End PBXContainerItemProxy section */

/* Begin PBXFileReference section */
		03817BBDAC7A77A0CA753812 /* Pods-ChatTests.release.xcconfig */ = {isa = PBXFileReference; includeInIndex = 1; lastKnownFileType = text.xcconfig; name = "Pods-ChatTests.release.xcconfig"; path = "Pods/Target Support Files/Pods-ChatTests/Pods-ChatTests.release.xcconfig"; sourceTree = "<group>"; };
		10BDEA6076D76526C28F1A94 /* Pods-Chat.debug.xcconfig */ = {isa = PBXFileReference; includeInIndex = 1; lastKnownFileType = text.xcconfig; name = "Pods-Chat.debug.xcconfig"; path = "Pods/Target Support Files/Pods-Chat/Pods-Chat.debug.xcconfig"; sourceTree = "<group>"; };
		51BCFDE51F26DAC100AC944B /* Chat.app */ = {isa = PBXFileReference; explicitFileType = wrapper.application; includeInIndex = 0; path = Chat.app; sourceTree = BUILT_PRODUCTS_DIR; };
		51BCFDE81F26DAC100AC944B /* AppDelegate.swift */ = {isa = PBXFileReference; lastKnownFileType = sourcecode.swift; path = AppDelegate.swift; sourceTree = "<group>"; };
		51BCFDED1F26DAC100AC944B /* Base */ = {isa = PBXFileReference; lastKnownFileType = file.storyboard; name = Base; path = Base.lproj/Main.storyboard; sourceTree = "<group>"; };
		51BCFDEF1F26DAC100AC944B /* Assets.xcassets */ = {isa = PBXFileReference; lastKnownFileType = folder.assetcatalog; path = Assets.xcassets; sourceTree = "<group>"; };
		51BCFDF21F26DAC100AC944B /* Base */ = {isa = PBXFileReference; lastKnownFileType = file.storyboard; name = Base; path = Base.lproj/LaunchScreen.storyboard; sourceTree = "<group>"; };
		51BCFDF41F26DAC100AC944B /* Info.plist */ = {isa = PBXFileReference; lastKnownFileType = text.plist.xml; path = Info.plist; sourceTree = "<group>"; };
		51BCFDF91F26DAC100AC944B /* ChatTests.xctest */ = {isa = PBXFileReference; explicitFileType = wrapper.cfbundle; includeInIndex = 0; path = ChatTests.xctest; sourceTree = BUILT_PRODUCTS_DIR; };
		51BCFDFD1F26DAC100AC944B /* ChatTests.swift */ = {isa = PBXFileReference; lastKnownFileType = sourcecode.swift; path = ChatTests.swift; sourceTree = "<group>"; };
		51BCFDFF1F26DAC200AC944B /* Info.plist */ = {isa = PBXFileReference; lastKnownFileType = text.plist.xml; path = Info.plist; sourceTree = "<group>"; };
		51BCFE091F26E6BB00AC944B /* Chat-Bridging-Header.h */ = {isa = PBXFileReference; lastKnownFileType = sourcecode.c.h; path = "Chat-Bridging-Header.h"; sourceTree = "<group>"; };
		51BCFE0A1F26E6BB00AC944B /* SWRevealViewController.m */ = {isa = PBXFileReference; fileEncoding = 4; lastKnownFileType = sourcecode.c.objc; name = SWRevealViewController.m; path = "../Smack Assets/SWReveal/SWRevealViewController.m"; sourceTree = "<group>"; };
		51BCFE0B1F26E6BB00AC944B /* SWRevealViewController.h */ = {isa = PBXFileReference; fileEncoding = 4; lastKnownFileType = sourcecode.c.h; name = SWRevealViewController.h; path = "../Smack Assets/SWReveal/SWRevealViewController.h"; sourceTree = "<group>"; };
		51BCFE121F26EA3500AC944B /* ChatVC.swift */ = {isa = PBXFileReference; lastKnownFileType = sourcecode.swift; path = ChatVC.swift; sourceTree = "<group>"; };
		51BCFE141F26EC7100AC944B /* ChannelVC.swift */ = {isa = PBXFileReference; lastKnownFileType = sourcecode.swift; path = ChannelVC.swift; sourceTree = "<group>"; };
		51BCFE161F26F25400AC944B /* GradientView.swift */ = {isa = PBXFileReference; lastKnownFileType = sourcecode.swift; path = GradientView.swift; sourceTree = "<group>"; };
		51BCFE191F26FBD800AC944B /* Constants.swift */ = {isa = PBXFileReference; lastKnownFileType = sourcecode.swift; path = Constants.swift; sourceTree = "<group>"; };
		76D76333FE61728B356F9266 /* Pods-Chat.release.xcconfig */ = {isa = PBXFileReference; includeInIndex = 1; lastKnownFileType = text.xcconfig; name = "Pods-Chat.release.xcconfig"; path = "Pods/Target Support Files/Pods-Chat/Pods-Chat.release.xcconfig"; sourceTree = "<group>"; };
		A1D6DF6D28A794006F6A6967 /* Pods-ChatTests.debug.xcconfig */ = {isa = PBXFileReference; includeInIndex = 1; lastKnownFileType = text.xcconfig; name = "Pods-ChatTests.debug.xcconfig"; path = "Pods/Target Support Files/Pods-ChatTests/Pods-ChatTests.debug.xcconfig"; sourceTree = "<group>"; };
		AEEFBC0996511700D934A9E7 /* Pods_ChatTests.framework */ = {isa = PBXFileReference; explicitFileType = wrapper.framework; includeInIndex = 0; path = Pods_ChatTests.framework; sourceTree = BUILT_PRODUCTS_DIR; };
		D5EFFFA77C9FFDE18C342F9E /* Pods_Chat.framework */ = {isa = PBXFileReference; explicitFileType = wrapper.framework; includeInIndex = 0; path = Pods_Chat.framework; sourceTree = BUILT_PRODUCTS_DIR; };
/* End PBXFileReference section */

/* Begin PBXFrameworksBuildPhase section */
		51BCFDE21F26DAC100AC944B /* Frameworks */ = {
			isa = PBXFrameworksBuildPhase;
			buildActionMask = 2147483647;
			files = (
				4487A075FAF57964693C9756 /* Pods_Chat.framework in Frameworks */,
			);
			runOnlyForDeploymentPostprocessing = 0;
		};
		51BCFDF61F26DAC100AC944B /* Frameworks */ = {
			isa = PBXFrameworksBuildPhase;
			buildActionMask = 2147483647;
			files = (
				AA48D1771F30D108AB986A3E /* Pods_ChatTests.framework in Frameworks */,
			);
			runOnlyForDeploymentPostprocessing = 0;
		};
/* End PBXFrameworksBuildPhase section */

/* Begin PBXGroup section */
		51BCFDDC1F26DAC100AC944B = {
			isa = PBXGroup;
			children = (
				51BCFDE71F26DAC100AC944B /* Chat */,
				51BCFDFC1F26DAC100AC944B /* ChatTests */,
				51BCFDE61F26DAC100AC944B /* Products */,
				E3E718D101180265E4282147 /* Pods */,
				CFCB87C91B40510A39C6C002 /* Frameworks */,
			);
			sourceTree = "<group>";
		};
		51BCFDE61F26DAC100AC944B /* Products */ = {
			isa = PBXGroup;
			children = (
				51BCFDE51F26DAC100AC944B /* Chat.app */,
				51BCFDF91F26DAC100AC944B /* ChatTests.xctest */,
			);
			name = Products;
			sourceTree = "<group>";
		};
		51BCFDE71F26DAC100AC944B /* Chat */ = {
			isa = PBXGroup;
			children = (
				51BCFE181F26FBC300AC944B /* Utilities */,
				51BCFE081F26E6A900AC944B /* SupportingFiles */,
				51BCFE0F1F26E9FF00AC944B /* Model */,
				51BCFE0E1F26E9FA00AC944B /* View */,
				51BCFE0D1F26E9F400AC944B /* Controller */,
				51BCFDE81F26DAC100AC944B /* AppDelegate.swift */,
				51BCFDEC1F26DAC100AC944B /* Main.storyboard */,
				51BCFDEF1F26DAC100AC944B /* Assets.xcassets */,
				51BCFDF11F26DAC100AC944B /* LaunchScreen.storyboard */,
				51BCFDF41F26DAC100AC944B /* Info.plist */,
			);
			path = Chat;
			sourceTree = "<group>";
		};
		51BCFDFC1F26DAC100AC944B /* ChatTests */ = {
			isa = PBXGroup;
			children = (
				51BCFDFD1F26DAC100AC944B /* ChatTests.swift */,
				51BCFDFF1F26DAC200AC944B /* Info.plist */,
			);
			path = ChatTests;
			sourceTree = "<group>";
		};
		51BCFE081F26E6A900AC944B /* SupportingFiles */ = {
			isa = PBXGroup;
			children = (
				51BCFE0B1F26E6BB00AC944B /* SWRevealViewController.h */,
				51BCFE0A1F26E6BB00AC944B /* SWRevealViewController.m */,
				51BCFE091F26E6BB00AC944B /* Chat-Bridging-Header.h */,
			);
			name = SupportingFiles;
			path = ..;
			sourceTree = "<group>";
		};
		51BCFE0D1F26E9F400AC944B /* Controller */ = {
			isa = PBXGroup;
			children = (
				51BCFE121F26EA3500AC944B /* ChatVC.swift */,
				51BCFE141F26EC7100AC944B /* ChannelVC.swift */,
			);
			path = Controller;
			sourceTree = "<group>";
		};
		51BCFE0E1F26E9FA00AC944B /* View */ = {
			isa = PBXGroup;
			children = (
				51BCFE161F26F25400AC944B /* GradientView.swift */,
			);
			path = View;
			sourceTree = "<group>";
		};
		51BCFE0F1F26E9FF00AC944B /* Model */ = {
			isa = PBXGroup;
			children = (
			);
			path = Model;
			sourceTree = "<group>";
		};
		51BCFE181F26FBC300AC944B /* Utilities */ = {
			isa = PBXGroup;
			children = (
				51BCFE191F26FBD800AC944B /* Constants.swift */,
			);
			path = Utilities;
			sourceTree = "<group>";
		};
		CFCB87C91B40510A39C6C002 /* Frameworks */ = {
			isa = PBXGroup;
			children = (
				D5EFFFA77C9FFDE18C342F9E /* Pods_Chat.framework */,
				AEEFBC0996511700D934A9E7 /* Pods_ChatTests.framework */,
			);
			name = Frameworks;
			sourceTree = "<group>";
		};
		E3E718D101180265E4282147 /* Pods */ = {
			isa = PBXGroup;
			children = (
				10BDEA6076D76526C28F1A94 /* Pods-Chat.debug.xcconfig */,
				76D76333FE61728B356F9266 /* Pods-Chat.release.xcconfig */,
				A1D6DF6D28A794006F6A6967 /* Pods-ChatTests.debug.xcconfig */,
				03817BBDAC7A77A0CA753812 /* Pods-ChatTests.release.xcconfig */,
			);
			name = Pods;
			sourceTree = "<group>";
		};
/* End PBXGroup section */

/* Begin PBXNativeTarget section */
		51BCFDE41F26DAC100AC944B /* Chat */ = {
			isa = PBXNativeTarget;
			buildConfigurationList = 51BCFE021F26DAC200AC944B /* Build configuration list for PBXNativeTarget "Chat" */;
			buildPhases = (
				93028D677764D83DC9F2DA66 /* [CP] Check Pods Manifest.lock */,
				51BCFDE11F26DAC100AC944B /* Sources */,
				51BCFDE21F26DAC100AC944B /* Frameworks */,
				51BCFDE31F26DAC100AC944B /* Resources */,
				C04F13CE920BDBD05D4B8EE7 /* [CP] Embed Pods Frameworks */,
				039E556BCC4961AFD49D6FEF /* [CP] Copy Pods Resources */,
			);
			buildRules = (
			);
			dependencies = (
			);
			name = Chat;
			productName = Chat;
			productReference = 51BCFDE51F26DAC100AC944B /* Chat.app */;
			productType = "com.apple.product-type.application";
		};
		51BCFDF81F26DAC100AC944B /* ChatTests */ = {
			isa = PBXNativeTarget;
			buildConfigurationList = 51BCFE051F26DAC200AC944B /* Build configuration list for PBXNativeTarget "ChatTests" */;
			buildPhases = (
				F4E384EAA519A472DD352B56 /* [CP] Check Pods Manifest.lock */,
				51BCFDF51F26DAC100AC944B /* Sources */,
				51BCFDF61F26DAC100AC944B /* Frameworks */,
				51BCFDF71F26DAC100AC944B /* Resources */,
				4B0802CB0DBD5A8B481DBCB8 /* [CP] Embed Pods Frameworks */,
				8F5E1AA10CF698D4F04F7C63 /* [CP] Copy Pods Resources */,
			);
			buildRules = (
			);
			dependencies = (
				51BCFDFB1F26DAC100AC944B /* PBXTargetDependency */,
			);
			name = ChatTests;
			productName = ChatTests;
			productReference = 51BCFDF91F26DAC100AC944B /* ChatTests.xctest */;
			productType = "com.apple.product-type.bundle.unit-test";
		};
/* End PBXNativeTarget section */

/* Begin PBXProject section */
		51BCFDDD1F26DAC100AC944B /* Project object */ = {
			isa = PBXProject;
			attributes = {
				LastSwiftUpdateCheck = 0900;
				LastUpgradeCheck = 0900;
				ORGANIZATIONNAME = "Gina De La Rosa";
				TargetAttributes = {
					51BCFDE41F26DAC100AC944B = {
						CreatedOnToolsVersion = 9.0;
						LastSwiftMigration = 0900;
					};
					51BCFDF81F26DAC100AC944B = {
						CreatedOnToolsVersion = 9.0;
						TestTargetID = 51BCFDE41F26DAC100AC944B;
					};
				};
			};
			buildConfigurationList = 51BCFDE01F26DAC100AC944B /* Build configuration list for PBXProject "Chat" */;
			compatibilityVersion = "Xcode 8.0";
			developmentRegion = en;
			hasScannedForEncodings = 0;
			knownRegions = (
				en,
				Base,
			);
			mainGroup = 51BCFDDC1F26DAC100AC944B;
			productRefGroup = 51BCFDE61F26DAC100AC944B /* Products */;
			projectDirPath = "";
			projectRoot = "";
			targets = (
				51BCFDE41F26DAC100AC944B /* Chat */,
				51BCFDF81F26DAC100AC944B /* ChatTests */,
			);
		};
/* End PBXProject section */

/* Begin PBXResourcesBuildPhase section */
		51BCFDE31F26DAC100AC944B /* Resources */ = {
			isa = PBXResourcesBuildPhase;
			buildActionMask = 2147483647;
			files = (
				51BCFDF31F26DAC100AC944B /* LaunchScreen.storyboard in Resources */,
				51BCFDF01F26DAC100AC944B /* Assets.xcassets in Resources */,
				51BCFDEE1F26DAC100AC944B /* Main.storyboard in Resources */,
			);
			runOnlyForDeploymentPostprocessing = 0;
		};
		51BCFDF71F26DAC100AC944B /* Resources */ = {
			isa = PBXResourcesBuildPhase;
			buildActionMask = 2147483647;
			files = (
			);
			runOnlyForDeploymentPostprocessing = 0;
		};
/* End PBXResourcesBuildPhase section */

/* Begin PBXShellScriptBuildPhase section */
		039E556BCC4961AFD49D6FEF /* [CP] Copy Pods Resources */ = {
			isa = PBXShellScriptBuildPhase;
			buildActionMask = 2147483647;
			files = (
			);
			inputPaths = (
			);
			name = "[CP] Copy Pods Resources";
			outputPaths = (
			);
			runOnlyForDeploymentPostprocessing = 0;
			shellPath = /bin/sh;
			shellScript = "\"${SRCROOT}/Pods/Target Support Files/Pods-Chat/Pods-Chat-resources.sh\"\n";
			showEnvVarsInLog = 0;
		};
		4B0802CB0DBD5A8B481DBCB8 /* [CP] Embed Pods Frameworks */ = {
			isa = PBXShellScriptBuildPhase;
			buildActionMask = 2147483647;
			files = (
			);
			inputPaths = (
			);
			name = "[CP] Embed Pods Frameworks";
			outputPaths = (
			);
			runOnlyForDeploymentPostprocessing = 0;
			shellPath = /bin/sh;
			shellScript = "\"${SRCROOT}/Pods/Target Support Files/Pods-ChatTests/Pods-ChatTests-frameworks.sh\"\n";
			showEnvVarsInLog = 0;
		};
		8F5E1AA10CF698D4F04F7C63 /* [CP] Copy Pods Resources */ = {
			isa = PBXShellScriptBuildPhase;
			buildActionMask = 2147483647;
			files = (
			);
			inputPaths = (
			);
			name = "[CP] Copy Pods Resources";
			outputPaths = (
			);
			runOnlyForDeploymentPostprocessing = 0;
			shellPath = /bin/sh;
			shellScript = "\"${SRCROOT}/Pods/Target Support Files/Pods-ChatTests/Pods-ChatTests-resources.sh\"\n";
			showEnvVarsInLog = 0;
		};
		93028D677764D83DC9F2DA66 /* [CP] Check Pods Manifest.lock */ = {
			isa = PBXShellScriptBuildPhase;
			buildActionMask = 2147483647;
			files = (
			);
			inputPaths = (
			);
			name = "[CP] Check Pods Manifest.lock";
			outputPaths = (
			);
			runOnlyForDeploymentPostprocessing = 0;
			shellPath = /bin/sh;
			shellScript = "diff \"${PODS_ROOT}/../Podfile.lock\" \"${PODS_ROOT}/Manifest.lock\" > /dev/null\nif [ $? != 0 ] ; then\n    # print error to STDERR\n    echo \"error: The sandbox is not in sync with the Podfile.lock. Run 'pod install' or update your CocoaPods installation.\" >&2\n    exit 1\nfi\n";
			showEnvVarsInLog = 0;
		};
		C04F13CE920BDBD05D4B8EE7 /* [CP] Embed Pods Frameworks */ = {
			isa = PBXShellScriptBuildPhase;
			buildActionMask = 2147483647;
			files = (
			);
			inputPaths = (
			);
			name = "[CP] Embed Pods Frameworks";
			outputPaths = (
			);
			runOnlyForDeploymentPostprocessing = 0;
			shellPath = /bin/sh;
			shellScript = "\"${SRCROOT}/Pods/Target Support Files/Pods-Chat/Pods-Chat-frameworks.sh\"\n";
			showEnvVarsInLog = 0;
		};
		F4E384EAA519A472DD352B56 /* [CP] Check Pods Manifest.lock */ = {
			isa = PBXShellScriptBuildPhase;
			buildActionMask = 2147483647;
			files = (
			);
			inputPaths = (
			);
			name = "[CP] Check Pods Manifest.lock";
			outputPaths = (
			);
			runOnlyForDeploymentPostprocessing = 0;
			shellPath = /bin/sh;
			shellScript = "diff \"${PODS_ROOT}/../Podfile.lock\" \"${PODS_ROOT}/Manifest.lock\" > /dev/null\nif [ $? != 0 ] ; then\n    # print error to STDERR\n    echo \"error: The sandbox is not in sync with the Podfile.lock. Run 'pod install' or update your CocoaPods installation.\" >&2\n    exit 1\nfi\n";
			showEnvVarsInLog = 0;
		};
/* End PBXShellScriptBuildPhase section */

/* Begin PBXSourcesBuildPhase section */
		51BCFDE11F26DAC100AC944B /* Sources */ = {
			isa = PBXSourcesBuildPhase;
			buildActionMask = 2147483647;
			files = (
				51BCFE151F26EC7100AC944B /* ChannelVC.swift in Sources */,
				51BCFE131F26EA3500AC944B /* ChatVC.swift in Sources */,
				51BCFE171F26F25400AC944B /* GradientView.swift in Sources */,
				51BCFDE91F26DAC100AC944B /* AppDelegate.swift in Sources */,
				51BCFE0C1F26E6BB00AC944B /* SWRevealViewController.m in Sources */,
				51BCFE1A1F26FBD800AC944B /* Constants.swift in Sources */,
			);
			runOnlyForDeploymentPostprocessing = 0;
		};
		51BCFDF51F26DAC100AC944B /* Sources */ = {
			isa = PBXSourcesBuildPhase;
			buildActionMask = 2147483647;
			files = (
				51BCFDFE1F26DAC100AC944B /* ChatTests.swift in Sources */,
			);
			runOnlyForDeploymentPostprocessing = 0;
		};
/* End PBXSourcesBuildPhase section */

/* Begin PBXTargetDependency section */
		51BCFDFB1F26DAC100AC944B /* PBXTargetDependency */ = {
			isa = PBXTargetDependency;
			target = 51BCFDE41F26DAC100AC944B /* Chat */;
			targetProxy = 51BCFDFA1F26DAC100AC944B /* PBXContainerItemProxy */;
		};
/* End PBXTargetDependency section */

/* Begin PBXVariantGroup section */
		51BCFDEC1F26DAC100AC944B /* Main.storyboard */ = {
			isa = PBXVariantGroup;
			children = (
				51BCFDED1F26DAC100AC944B /* Base */,
			);
			name = Main.storyboard;
			sourceTree = "<group>";
		};
		51BCFDF11F26DAC100AC944B /* LaunchScreen.storyboard */ = {
			isa = PBXVariantGroup;
			children = (
				51BCFDF21F26DAC100AC944B /* Base */,
			);
			name = LaunchScreen.storyboard;
			sourceTree = "<group>";
		};
/* End PBXVariantGroup section */

/* Begin XCBuildConfiguration section */
		51BCFE001F26DAC200AC944B /* Debug */ = {
			isa = XCBuildConfiguration;
			buildSettings = {
				ALWAYS_SEARCH_USER_PATHS = NO;
				CLANG_ANALYZER_NONNULL = YES;
				CLANG_ANALYZER_NUMBER_OBJECT_CONVERSION = YES_AGGRESSIVE;
				CLANG_CXX_LANGUAGE_STANDARD = "gnu++14";
				CLANG_CXX_LIBRARY = "libc++";
				CLANG_ENABLE_MODULES = YES;
				CLANG_ENABLE_OBJC_ARC = YES;
				CLANG_WARN_BLOCK_CAPTURE_AUTORELEASING = YES;
				CLANG_WARN_BOOL_CONVERSION = YES;
				CLANG_WARN_COMMA = YES;
				CLANG_WARN_CONSTANT_CONVERSION = YES;
				CLANG_WARN_DIRECT_OBJC_ISA_USAGE = YES_ERROR;
				CLANG_WARN_DOCUMENTATION_COMMENTS = YES;
				CLANG_WARN_EMPTY_BODY = YES;
				CLANG_WARN_ENUM_CONVERSION = YES;
				CLANG_WARN_INFINITE_RECURSION = YES;
				CLANG_WARN_INT_CONVERSION = YES;
				CLANG_WARN_OBJC_ROOT_CLASS = YES_ERROR;
				CLANG_WARN_RANGE_LOOP_ANALYSIS = YES;
				CLANG_WARN_STRICT_PROTOTYPES = YES;
				CLANG_WARN_SUSPICIOUS_MOVE = YES;
				CLANG_WARN_UNGUARDED_AVAILABILITY = YES_AGGRESSIVE;
				CLANG_WARN_UNREACHABLE_CODE = YES;
				CLANG_WARN__DUPLICATE_METHOD_MATCH = YES;
				CODE_SIGN_IDENTITY = "iPhone Developer";
				COPY_PHASE_STRIP = NO;
				DEBUG_INFORMATION_FORMAT = dwarf;
				ENABLE_STRICT_OBJC_MSGSEND = YES;
				ENABLE_TESTABILITY = YES;
				GCC_C_LANGUAGE_STANDARD = gnu11;
				GCC_DYNAMIC_NO_PIC = NO;
				GCC_NO_COMMON_BLOCKS = YES;
				GCC_OPTIMIZATION_LEVEL = 0;
				GCC_PREPROCESSOR_DEFINITIONS = (
					"DEBUG=1",
					"$(inherited)",
				);
				GCC_WARN_64_TO_32_BIT_CONVERSION = YES;
				GCC_WARN_ABOUT_RETURN_TYPE = YES_ERROR;
				GCC_WARN_UNDECLARED_SELECTOR = YES;
				GCC_WARN_UNINITIALIZED_AUTOS = YES_AGGRESSIVE;
				GCC_WARN_UNUSED_FUNCTION = YES;
				GCC_WARN_UNUSED_VARIABLE = YES;
				IPHONEOS_DEPLOYMENT_TARGET = 11.0;
				MTL_ENABLE_DEBUG_INFO = YES;
				ONLY_ACTIVE_ARCH = YES;
				SDKROOT = iphoneos;
				SWIFT_ACTIVE_COMPILATION_CONDITIONS = DEBUG;
				SWIFT_OPTIMIZATION_LEVEL = "-Onone";
			};
			name = Debug;
		};
		51BCFE011F26DAC200AC944B /* Release */ = {
			isa = XCBuildConfiguration;
			buildSettings = {
				ALWAYS_SEARCH_USER_PATHS = NO;
				CLANG_ANALYZER_NONNULL = YES;
				CLANG_ANALYZER_NUMBER_OBJECT_CONVERSION = YES_AGGRESSIVE;
				CLANG_CXX_LANGUAGE_STANDARD = "gnu++14";
				CLANG_CXX_LIBRARY = "libc++";
				CLANG_ENABLE_MODULES = YES;
				CLANG_ENABLE_OBJC_ARC = YES;
				CLANG_WARN_BLOCK_CAPTURE_AUTORELEASING = YES;
				CLANG_WARN_BOOL_CONVERSION = YES;
				CLANG_WARN_COMMA = YES;
				CLANG_WARN_CONSTANT_CONVERSION = YES;
				CLANG_WARN_DIRECT_OBJC_ISA_USAGE = YES_ERROR;
				CLANG_WARN_DOCUMENTATION_COMMENTS = YES;
				CLANG_WARN_EMPTY_BODY = YES;
				CLANG_WARN_ENUM_CONVERSION = YES;
				CLANG_WARN_INFINITE_RECURSION = YES;
				CLANG_WARN_INT_CONVERSION = YES;
				CLANG_WARN_OBJC_ROOT_CLASS = YES_ERROR;
				CLANG_WARN_RANGE_LOOP_ANALYSIS = YES;
				CLANG_WARN_STRICT_PROTOTYPES = YES;
				CLANG_WARN_SUSPICIOUS_MOVE = YES;
				CLANG_WARN_UNGUARDED_AVAILABILITY = YES_AGGRESSIVE;
				CLANG_WARN_UNREACHABLE_CODE = YES;
				CLANG_WARN__DUPLICATE_METHOD_MATCH = YES;
				CODE_SIGN_IDENTITY = "iPhone Developer";
				COPY_PHASE_STRIP = NO;
				DEBUG_INFORMATION_FORMAT = "dwarf-with-dsym";
				ENABLE_NS_ASSERTIONS = NO;
				ENABLE_STRICT_OBJC_MSGSEND = YES;
				GCC_C_LANGUAGE_STANDARD = gnu11;
				GCC_NO_COMMON_BLOCKS = YES;
				GCC_WARN_64_TO_32_BIT_CONVERSION = YES;
				GCC_WARN_ABOUT_RETURN_TYPE = YES_ERROR;
				GCC_WARN_UNDECLARED_SELECTOR = YES;
				GCC_WARN_UNINITIALIZED_AUTOS = YES_AGGRESSIVE;
				GCC_WARN_UNUSED_FUNCTION = YES;
				GCC_WARN_UNUSED_VARIABLE = YES;
				IPHONEOS_DEPLOYMENT_TARGET = 11.0;
				MTL_ENABLE_DEBUG_INFO = NO;
				SDKROOT = iphoneos;
				SWIFT_OPTIMIZATION_LEVEL = "-Owholemodule";
				VALIDATE_PRODUCT = YES;
			};
			name = Release;
		};
		51BCFE031F26DAC200AC944B /* Debug */ = {
			isa = XCBuildConfiguration;
			baseConfigurationReference = 10BDEA6076D76526C28F1A94 /* Pods-Chat.debug.xcconfig */;
			buildSettings = {
				ASSETCATALOG_COMPILER_APPICON_NAME = AppIcon;
				CLANG_ENABLE_MODULES = YES;
				DEVELOPMENT_TEAM = A6GUQ7XNWR;
				INFOPLIST_FILE = Chat/Info.plist;
				LD_RUNPATH_SEARCH_PATHS = "$(inherited) @executable_path/Frameworks";
				PRODUCT_BUNDLE_IDENTIFIER = com.ginadlr.Chat;
				PRODUCT_NAME = "$(TARGET_NAME)";
				SWIFT_OBJC_BRIDGING_HEADER = "Chat-Bridging-Header.h";
				SWIFT_OPTIMIZATION_LEVEL = "-Onone";
				SWIFT_VERSION = 4.0;
				TARGETED_DEVICE_FAMILY = "1,2";
			};
			name = Debug;
		};
		51BCFE041F26DAC200AC944B /* Release */ = {
			isa = XCBuildConfiguration;
			baseConfigurationReference = 76D76333FE61728B356F9266 /* Pods-Chat.release.xcconfig */;
			buildSettings = {
				ASSETCATALOG_COMPILER_APPICON_NAME = AppIcon;
				CLANG_ENABLE_MODULES = YES;
				DEVELOPMENT_TEAM = A6GUQ7XNWR;
				INFOPLIST_FILE = Chat/Info.plist;
				LD_RUNPATH_SEARCH_PATHS = "$(inherited) @executable_path/Frameworks";
				PRODUCT_BUNDLE_IDENTIFIER = com.ginadlr.Chat;
				PRODUCT_NAME = "$(TARGET_NAME)";
				SWIFT_OBJC_BRIDGING_HEADER = "Chat-Bridging-Header.h";
				SWIFT_VERSION = 4.0;
				TARGETED_DEVICE_FAMILY = "1,2";
			};
			name = Release;
		};
		51BCFE061F26DAC200AC944B /* Debug */ = {
			isa = XCBuildConfiguration;
			baseConfigurationReference = A1D6DF6D28A794006F6A6967 /* Pods-ChatTests.debug.xcconfig */;
			buildSettings = {
				ALWAYS_EMBED_SWIFT_STANDARD_LIBRARIES = YES;
				BUNDLE_LOADER = "$(TEST_HOST)";
				DEVELOPMENT_TEAM = A6GUQ7XNWR;
				INFOPLIST_FILE = ChatTests/Info.plist;
				LD_RUNPATH_SEARCH_PATHS = "$(inherited) @executable_path/Frameworks @loader_path/Frameworks";
				PRODUCT_BUNDLE_IDENTIFIER = com.ginadlr.ChatTests;
				PRODUCT_NAME = "$(TARGET_NAME)";
				SWIFT_VERSION = 4.0;
				TARGETED_DEVICE_FAMILY = "1,2";
				TEST_HOST = "$(BUILT_PRODUCTS_DIR)/Chat.app/Chat";
			};
			name = Debug;
		};
		51BCFE071F26DAC200AC944B /* Release */ = {
			isa = XCBuildConfiguration;
			baseConfigurationReference = 03817BBDAC7A77A0CA753812 /* Pods-ChatTests.release.xcconfig */;
			buildSettings = {
				ALWAYS_EMBED_SWIFT_STANDARD_LIBRARIES = YES;
				BUNDLE_LOADER = "$(TEST_HOST)";
				DEVELOPMENT_TEAM = A6GUQ7XNWR;
				INFOPLIST_FILE = ChatTests/Info.plist;
				LD_RUNPATH_SEARCH_PATHS = "$(inherited) @executable_path/Frameworks @loader_path/Frameworks";
				PRODUCT_BUNDLE_IDENTIFIER = com.ginadlr.ChatTests;
				PRODUCT_NAME = "$(TARGET_NAME)";
				SWIFT_VERSION = 4.0;
				TARGETED_DEVICE_FAMILY = "1,2";
				TEST_HOST = "$(BUILT_PRODUCTS_DIR)/Chat.app/Chat";
			};
			name = Release;
		};
/* End XCBuildConfiguration section */

/* Begin XCConfigurationList section */
		51BCFDE01F26DAC100AC944B /* Build configuration list for PBXProject "Chat" */ = {
			isa = XCConfigurationList;
			buildConfigurations = (
				51BCFE001F26DAC200AC944B /* Debug */,
				51BCFE011F26DAC200AC944B /* Release */,
			);
			defaultConfigurationIsVisible = 0;
			defaultConfigurationName = Release;
		};
		51BCFE021F26DAC200AC944B /* Build configuration list for PBXNativeTarget "Chat" */ = {
			isa = XCConfigurationList;
			buildConfigurations = (
				51BCFE031F26DAC200AC944B /* Debug */,
				51BCFE041F26DAC200AC944B /* Release */,
			);
			defaultConfigurationIsVisible = 0;
			defaultConfigurationName = Release;
		};
		51BCFE051F26DAC200AC944B /* Build configuration list for PBXNativeTarget "ChatTests" */ = {
			isa = XCConfigurationList;
			buildConfigurations = (
				51BCFE061F26DAC200AC944B /* Debug */,
				51BCFE071F26DAC200AC944B /* Release */,
			);
			defaultConfigurationIsVisible = 0;
			defaultConfigurationName = Release;
		};
/* End XCConfigurationList section */
	};
	rootObject = 51BCFDDD1F26DAC100AC944B /* Project object */;
}
